
Microsoft Visual Studio Solution File, Format Version 11.00
# Visual Studio 2010
Project("{FAE04EC0-301F-11D3-BF4B-00C04F79EFBC}") = "EDUAR_Utility", "EDUAR_Utility\EDUAR_Utility.csproj", "{AD230A87-FE0F-4621-BC67-A035A22F9D3A}"
EndProject
Project("{FAE04EC0-301F-11D3-BF4B-00C04F79EFBC}") = "EDUAR_BusinessLogic", "EDUAR_BusinessLogic\EDUAR_BusinessLogic.csproj", "{3C565E7B-1BE2-4BD7-9927-1A5AF7C66E3C}"
EndProject
Project("{FAE04EC0-301F-11D3-BF4B-00C04F79EFBC}") = "EDUAR_UI", "EDUAR_UI\EDUAR_UI.csproj", "{6E1CFFD1-54D7-419A-896B-C59DBF4EAB15}"
EndProject
Project("{FAE04EC0-301F-11D3-BF4B-00C04F79EFBC}") = "EDUAR_DataAccess", "EDUAR_DataAccess\EDUAR_DataAccess.csproj", "{BDD87C31-320A-4D62-8DDA-09071CFBC405}"
EndProject
Project("{FAE04EC0-301F-11D3-BF4B-00C04F79EFBC}") = "EDUAR_Entities", "EDUAR_DataTransferObject\EDUAR_Entities.csproj", "{DD942AD1-FFE6-4EBF-B12A-5083237D67D0}"
EndProject
Project("{FAE04EC0-301F-11D3-BF4B-00C04F79EFBC}") = "SMSapplication", "..\EDUAR_SI\SMSapplication\SMSapplication.csproj", "{668635D8-4F39-4A78-9929-7DEBB881559C}"
EndProject
Project("{F088123C-0E9E-452A-89E6-6BA2F21D5CAC}") = "Modelos", "Modelos\Modelos.modelproj", "{A89F3FC8-05FB-4E27-8CD1-11BD8269C126}"
EndProject
Global
	GlobalSection(SolutionConfigurationPlatforms) = preSolution
		Debug|Any CPU = Debug|Any CPU
		Release|Any CPU = Release|Any CPU
	EndGlobalSection
	GlobalSection(ProjectConfigurationPlatforms) = postSolution
		{AD230A87-FE0F-4621-BC67-A035A22F9D3A}.Debug|Any CPU.ActiveCfg = Debug|Any CPU
		{AD230A87-FE0F-4621-BC67-A035A22F9D3A}.Debug|Any CPU.Build.0 = Debug|Any CPU
		{AD230A87-FE0F-4621-BC67-A035A22F9D3A}.Release|Any CPU.ActiveCfg = Release|Any CPU
		{AD230A87-FE0F-4621-BC67-A035A22F9D3A}.Release|Any CPU.Build.0 = Release|Any CPU
		{3C565E7B-1BE2-4BD7-9927-1A5AF7C66E3C}.Debug|Any CPU.ActiveCfg = Debug|Any CPU
		{3C565E7B-1BE2-4BD7-9927-1A5AF7C66E3C}.Debug|Any CPU.Build.0 = Debug|Any CPU
		{3C565E7B-1BE2-4BD7-9927-1A5AF7C66E3C}.Release|Any CPU.ActiveCfg = Release|Any CPU
		{3C565E7B-1BE2-4BD7-9927-1A5AF7C66E3C}.Release|Any CPU.Build.0 = Release|Any CPU
		{6E1CFFD1-54D7-419A-896B-C59DBF4EAB15}.Debug|Any CPU.ActiveCfg = Debug|Any CPU
		{6E1CFFD1-54D7-419A-896B-C59DBF4EAB15}.Debug|Any CPU.Build.0 = Debug|Any CPU
		{6E1CFFD1-54D7-419A-896B-C59DBF4EAB15}.Release|Any CPU.ActiveCfg = Release|Any CPU
		{6E1CFFD1-54D7-419A-896B-C59DBF4EAB15}.Release|Any CPU.Build.0 = Release|Any CPU
		{BDD87C31-320A-4D62-8DDA-09071CFBC405}.Debug|Any CPU.ActiveCfg = Debug|Any CPU
		{BDD87C31-320A-4D62-8DDA-09071CFBC405}.Debug|Any CPU.Build.0 = Debug|Any CPU
		{BDD87C31-320A-4D62-8DDA-09071CFBC405}.Release|Any CPU.ActiveCfg = Release|Any CPU
		{BDD87C31-320A-4D62-8DDA-09071CFBC405}.Release|Any CPU.Build.0 = Release|Any CPU
		{DD942AD1-FFE6-4EBF-B12A-5083237D67D0}.Debug|Any CPU.ActiveCfg = Debug|Any CPU
		{DD942AD1-FFE6-4EBF-B12A-5083237D67D0}.Debug|Any CPU.Build.0 = Debug|Any CPU
		{DD942AD1-FFE6-4EBF-B12A-5083237D67D0}.Release|Any CPU.ActiveCfg = Release|Any CPU
		{DD942AD1-FFE6-4EBF-B12A-5083237D67D0}.Release|Any CPU.Build.0 = Release|Any CPU
		{668635D8-4F39-4A78-9929-7DEBB881559C}.Debug|Any CPU.ActiveCfg = Debug|Any CPU
		{668635D8-4F39-4A78-9929-7DEBB881559C}.Release|Any CPU.ActiveCfg = Release|Any CPU
		{A89F3FC8-05FB-4E27-8CD1-11BD8269C126}.Debug|Any CPU.ActiveCfg = Debug|Any CPU
		{A89F3FC8-05FB-4E27-8CD1-11BD8269C126}.Debug|Any CPU.Build.0 = Debug|Any CPU
		{A89F3FC8-05FB-4E27-8CD1-11BD8269C126}.Release|Any CPU.ActiveCfg = Release|Any CPU
		{A89F3FC8-05FB-4E27-8CD1-11BD8269C126}.Release|Any CPU.Build.0 = Release|Any CPU
	EndGlobalSection
	GlobalSection(SolutionProperties) = preSolution
		HideSolutionNode = FALSE
	EndGlobalSection
EndGlobal
