
Microsoft Visual Studio Solution File, Format Version 11.00
# Visual Studio 2010
Project("{FAE04EC0-301F-11D3-BF4B-00C04F79EFBC}") = "DataAccess", "DataAccess\DataAccess.csproj", "{4F82DF45-A8A8-454E-9FF8-128589783983}"
EndProject
Project("{FAE04EC0-301F-11D3-BF4B-00C04F79EFBC}") = "Promethee", "Promethee\Promethee.csproj", "{8A99BD57-AADB-4372-8579-18410BBB1062}"
EndProject
Global
	GlobalSection(SolutionConfigurationPlatforms) = preSolution
		Debug|Any CPU = Debug|Any CPU
		Release|Any CPU = Release|Any CPU
	EndGlobalSection
	GlobalSection(ProjectConfigurationPlatforms) = postSolution
		{4F82DF45-A8A8-454E-9FF8-128589783983}.Debug|Any CPU.ActiveCfg = Debug|Any CPU
		{4F82DF45-A8A8-454E-9FF8-128589783983}.Debug|Any CPU.Build.0 = Debug|Any CPU
		{4F82DF45-A8A8-454E-9FF8-128589783983}.Release|Any CPU.ActiveCfg = Release|Any CPU
		{4F82DF45-A8A8-454E-9FF8-128589783983}.Release|Any CPU.Build.0 = Release|Any CPU
		{8A99BD57-AADB-4372-8579-18410BBB1062}.Debug|Any CPU.ActiveCfg = Debug|Any CPU
		{8A99BD57-AADB-4372-8579-18410BBB1062}.Debug|Any CPU.Build.0 = Debug|Any CPU
		{8A99BD57-AADB-4372-8579-18410BBB1062}.Release|Any CPU.ActiveCfg = Release|Any CPU
		{8A99BD57-AADB-4372-8579-18410BBB1062}.Release|Any CPU.Build.0 = Release|Any CPU
	EndGlobalSection
	GlobalSection(SolutionProperties) = preSolution
		HideSolutionNode = FALSE
	EndGlobalSection
EndGlobal
