
Microsoft Visual Studio Solution File, Format Version 11.00
# Visual Studio 2010
Project("{FAE04EC0-301F-11D3-BF4B-00C04F79EFBC}") = "EDUAR_SI_Prueba", "EDUAR_SI_Prueba\EDUAR_SI_Prueba.csproj", "{B5F2E6BD-805C-4C19-B78F-9AD6D603FFBA}"
EndProject
Project("{FAE04EC0-301F-11D3-BF4B-00C04F79EFBC}") = "EDUAR_SI_BusinessLogic", "EDUAR_SI_BusinessLogic\EDUAR_SI_BusinessLogic.csproj", "{3301FF91-0341-4505-8045-1C9B9CEC70EA}"
EndProject
Project("{FAE04EC0-301F-11D3-BF4B-00C04F79EFBC}") = "EDUAR_SI_DataAccess", "EDUAR_SI_DataAccess\EDUAR_SI_DataAccess.csproj", "{DA11304D-E994-41A3-BE06-51AC246D4297}"
EndProject
Project("{FAE04EC0-301F-11D3-BF4B-00C04F79EFBC}") = "EDUAR_Utility", "..\EDUAR\EDUAR_Utility\EDUAR_Utility.csproj", "{AD230A87-FE0F-4621-BC67-A035A22F9D3A}"
EndProject
Project("{FAE04EC0-301F-11D3-BF4B-00C04F79EFBC}") = "EDUAR_Entities", "..\EDUAR\EDUAR_DataTransferObject\EDUAR_Entities.csproj", "{DD942AD1-FFE6-4EBF-B12A-5083237D67D0}"
EndProject
Global
	GlobalSection(SolutionConfigurationPlatforms) = preSolution
		Debug|Any CPU = Debug|Any CPU
		Debug|Mixed Platforms = Debug|Mixed Platforms
		Debug|x86 = Debug|x86
		Release|Any CPU = Release|Any CPU
		Release|Mixed Platforms = Release|Mixed Platforms
		Release|x86 = Release|x86
	EndGlobalSection
	GlobalSection(ProjectConfigurationPlatforms) = postSolution
		{B5F2E6BD-805C-4C19-B78F-9AD6D603FFBA}.Debug|Any CPU.ActiveCfg = Debug|x86
		{B5F2E6BD-805C-4C19-B78F-9AD6D603FFBA}.Debug|Mixed Platforms.ActiveCfg = Debug|x86
		{B5F2E6BD-805C-4C19-B78F-9AD6D603FFBA}.Debug|Mixed Platforms.Build.0 = Debug|x86
		{B5F2E6BD-805C-4C19-B78F-9AD6D603FFBA}.Debug|x86.ActiveCfg = Debug|x86
		{B5F2E6BD-805C-4C19-B78F-9AD6D603FFBA}.Debug|x86.Build.0 = Debug|x86
		{B5F2E6BD-805C-4C19-B78F-9AD6D603FFBA}.Release|Any CPU.ActiveCfg = Release|x86
		{B5F2E6BD-805C-4C19-B78F-9AD6D603FFBA}.Release|Mixed Platforms.ActiveCfg = Release|x86
		{B5F2E6BD-805C-4C19-B78F-9AD6D603FFBA}.Release|Mixed Platforms.Build.0 = Release|x86
		{B5F2E6BD-805C-4C19-B78F-9AD6D603FFBA}.Release|x86.ActiveCfg = Release|x86
		{B5F2E6BD-805C-4C19-B78F-9AD6D603FFBA}.Release|x86.Build.0 = Release|x86
		{3301FF91-0341-4505-8045-1C9B9CEC70EA}.Debug|Any CPU.ActiveCfg = Debug|Any CPU
		{3301FF91-0341-4505-8045-1C9B9CEC70EA}.Debug|Any CPU.Build.0 = Debug|Any CPU
		{3301FF91-0341-4505-8045-1C9B9CEC70EA}.Debug|Mixed Platforms.ActiveCfg = Debug|Any CPU
		{3301FF91-0341-4505-8045-1C9B9CEC70EA}.Debug|Mixed Platforms.Build.0 = Debug|Any CPU
		{3301FF91-0341-4505-8045-1C9B9CEC70EA}.Debug|x86.ActiveCfg = Debug|Any CPU
		{3301FF91-0341-4505-8045-1C9B9CEC70EA}.Release|Any CPU.ActiveCfg = Release|Any CPU
		{3301FF91-0341-4505-8045-1C9B9CEC70EA}.Release|Any CPU.Build.0 = Release|Any CPU
		{3301FF91-0341-4505-8045-1C9B9CEC70EA}.Release|Mixed Platforms.ActiveCfg = Release|Any CPU
		{3301FF91-0341-4505-8045-1C9B9CEC70EA}.Release|Mixed Platforms.Build.0 = Release|Any CPU
		{3301FF91-0341-4505-8045-1C9B9CEC70EA}.Release|x86.ActiveCfg = Release|Any CPU
		{DA11304D-E994-41A3-BE06-51AC246D4297}.Debug|Any CPU.ActiveCfg = Debug|Any CPU
		{DA11304D-E994-41A3-BE06-51AC246D4297}.Debug|Any CPU.Build.0 = Debug|Any CPU
		{DA11304D-E994-41A3-BE06-51AC246D4297}.Debug|Mixed Platforms.ActiveCfg = Debug|Any CPU
		{DA11304D-E994-41A3-BE06-51AC246D4297}.Debug|Mixed Platforms.Build.0 = Debug|Any CPU
		{DA11304D-E994-41A3-BE06-51AC246D4297}.Debug|x86.ActiveCfg = Debug|Any CPU
		{DA11304D-E994-41A3-BE06-51AC246D4297}.Release|Any CPU.ActiveCfg = Release|Any CPU
		{DA11304D-E994-41A3-BE06-51AC246D4297}.Release|Any CPU.Build.0 = Release|Any CPU
		{DA11304D-E994-41A3-BE06-51AC246D4297}.Release|Mixed Platforms.ActiveCfg = Release|Any CPU
		{DA11304D-E994-41A3-BE06-51AC246D4297}.Release|Mixed Platforms.Build.0 = Release|Any CPU
		{DA11304D-E994-41A3-BE06-51AC246D4297}.Release|x86.ActiveCfg = Release|Any CPU
		{AD230A87-FE0F-4621-BC67-A035A22F9D3A}.Debug|Any CPU.ActiveCfg = Debug|Any CPU
		{AD230A87-FE0F-4621-BC67-A035A22F9D3A}.Debug|Any CPU.Build.0 = Debug|Any CPU
		{AD230A87-FE0F-4621-BC67-A035A22F9D3A}.Debug|Mixed Platforms.ActiveCfg = Debug|Any CPU
		{AD230A87-FE0F-4621-BC67-A035A22F9D3A}.Debug|Mixed Platforms.Build.0 = Debug|Any CPU
		{AD230A87-FE0F-4621-BC67-A035A22F9D3A}.Debug|x86.ActiveCfg = Debug|Any CPU
		{AD230A87-FE0F-4621-BC67-A035A22F9D3A}.Release|Any CPU.ActiveCfg = Release|Any CPU
		{AD230A87-FE0F-4621-BC67-A035A22F9D3A}.Release|Any CPU.Build.0 = Release|Any CPU
		{AD230A87-FE0F-4621-BC67-A035A22F9D3A}.Release|Mixed Platforms.ActiveCfg = Release|Any CPU
		{AD230A87-FE0F-4621-BC67-A035A22F9D3A}.Release|Mixed Platforms.Build.0 = Release|Any CPU
		{AD230A87-FE0F-4621-BC67-A035A22F9D3A}.Release|x86.ActiveCfg = Release|Any CPU
		{DD942AD1-FFE6-4EBF-B12A-5083237D67D0}.Debug|Any CPU.ActiveCfg = Debug|Any CPU
		{DD942AD1-FFE6-4EBF-B12A-5083237D67D0}.Debug|Any CPU.Build.0 = Debug|Any CPU
		{DD942AD1-FFE6-4EBF-B12A-5083237D67D0}.Debug|Mixed Platforms.ActiveCfg = Debug|Any CPU
		{DD942AD1-FFE6-4EBF-B12A-5083237D67D0}.Debug|Mixed Platforms.Build.0 = Debug|Any CPU
		{DD942AD1-FFE6-4EBF-B12A-5083237D67D0}.Debug|x86.ActiveCfg = Debug|Any CPU
		{DD942AD1-FFE6-4EBF-B12A-5083237D67D0}.Release|Any CPU.ActiveCfg = Release|Any CPU
		{DD942AD1-FFE6-4EBF-B12A-5083237D67D0}.Release|Any CPU.Build.0 = Release|Any CPU
		{DD942AD1-FFE6-4EBF-B12A-5083237D67D0}.Release|Mixed Platforms.ActiveCfg = Release|Any CPU
		{DD942AD1-FFE6-4EBF-B12A-5083237D67D0}.Release|Mixed Platforms.Build.0 = Release|Any CPU
		{DD942AD1-FFE6-4EBF-B12A-5083237D67D0}.Release|x86.ActiveCfg = Release|Any CPU
	EndGlobalSection
	GlobalSection(SolutionProperties) = preSolution
		HideSolutionNode = FALSE
	EndGlobalSection
EndGlobal
